
Microsoft Visual Studio Solution File, Format Version 11.00
# Visual Studio 2010
Project("{FAE04EC0-301F-11D3-BF4B-00C04F79EFBC}") = "MonopolyLibrary", "MonopolyLibrary\MonopolyLibrary.csproj", "{8C533079-44C8-44B6-A0B0-4F53B7C23380}"
EndProject
Project("{FAE04EC0-301F-11D3-BF4B-00C04F79EFBC}") = "ConsoleApplicationMonopoly", "ConsoleApplicationMonopoly\ConsoleApplicationMonopoly.csproj", "{76EF6D3B-92A2-4F30-A793-A7C2B02EA741}"
EndProject
Project("{FAE04EC0-301F-11D3-BF4B-00C04F79EFBC}") = "MonopolyTest", "MonopolyTest\MonopolyTest.csproj", "{D4DFD56F-D0CC-4FFE-9874-6650A0C53203}"
EndProject
Project("{2150E333-8FDC-42A3-9474-1A3956D46DE8}") = "Solution Items", "Solution Items", "{BF624CF3-62F8-4CD2-B713-CF998DABE6A1}"
	ProjectSection(SolutionItems) = preProject
		Local.testsettings = Local.testsettings
		MonopolyLibrary.vsmdi = MonopolyLibrary.vsmdi
		TraceAndTestImpact.testsettings = TraceAndTestImpact.testsettings
	EndProjectSection
EndProject
Global
	GlobalSection(TestCaseManagementSettings) = postSolution
		CategoryFile = MonopolyLibrary.vsmdi
	EndGlobalSection
	GlobalSection(SolutionConfigurationPlatforms) = preSolution
		Debug|Any CPU = Debug|Any CPU
		Debug|Mixed Platforms = Debug|Mixed Platforms
		Debug|x86 = Debug|x86
		Release|Any CPU = Release|Any CPU
		Release|Mixed Platforms = Release|Mixed Platforms
		Release|x86 = Release|x86
	EndGlobalSection
	GlobalSection(ProjectConfigurationPlatforms) = postSolution
		{8C533079-44C8-44B6-A0B0-4F53B7C23380}.Debug|Any CPU.ActiveCfg = Debug|Any CPU
		{8C533079-44C8-44B6-A0B0-4F53B7C23380}.Debug|Any CPU.Build.0 = Debug|Any CPU
		{8C533079-44C8-44B6-A0B0-4F53B7C23380}.Debug|Mixed Platforms.ActiveCfg = Debug|Any CPU
		{8C533079-44C8-44B6-A0B0-4F53B7C23380}.Debug|Mixed Platforms.Build.0 = Debug|Any CPU
		{8C533079-44C8-44B6-A0B0-4F53B7C23380}.Debug|x86.ActiveCfg = Debug|Any CPU
		{8C533079-44C8-44B6-A0B0-4F53B7C23380}.Release|Any CPU.ActiveCfg = Release|Any CPU
		{8C533079-44C8-44B6-A0B0-4F53B7C23380}.Release|Any CPU.Build.0 = Release|Any CPU
		{8C533079-44C8-44B6-A0B0-4F53B7C23380}.Release|Mixed Platforms.ActiveCfg = Release|Any CPU
		{8C533079-44C8-44B6-A0B0-4F53B7C23380}.Release|Mixed Platforms.Build.0 = Release|Any CPU
		{8C533079-44C8-44B6-A0B0-4F53B7C23380}.Release|x86.ActiveCfg = Release|Any CPU
		{76EF6D3B-92A2-4F30-A793-A7C2B02EA741}.Debug|Any CPU.ActiveCfg = Debug|x86
		{76EF6D3B-92A2-4F30-A793-A7C2B02EA741}.Debug|Mixed Platforms.ActiveCfg = Debug|x86
		{76EF6D3B-92A2-4F30-A793-A7C2B02EA741}.Debug|Mixed Platforms.Build.0 = Debug|x86
		{76EF6D3B-92A2-4F30-A793-A7C2B02EA741}.Debug|x86.ActiveCfg = Debug|x86
		{76EF6D3B-92A2-4F30-A793-A7C2B02EA741}.Debug|x86.Build.0 = Debug|x86
		{76EF6D3B-92A2-4F30-A793-A7C2B02EA741}.Release|Any CPU.ActiveCfg = Release|x86
		{76EF6D3B-92A2-4F30-A793-A7C2B02EA741}.Release|Mixed Platforms.ActiveCfg = Release|x86
		{76EF6D3B-92A2-4F30-A793-A7C2B02EA741}.Release|Mixed Platforms.Build.0 = Release|x86
		{76EF6D3B-92A2-4F30-A793-A7C2B02EA741}.Release|x86.ActiveCfg = Release|x86
		{76EF6D3B-92A2-4F30-A793-A7C2B02EA741}.Release|x86.Build.0 = Release|x86
		{D4DFD56F-D0CC-4FFE-9874-6650A0C53203}.Debug|Any CPU.ActiveCfg = Debug|Any CPU
		{D4DFD56F-D0CC-4FFE-9874-6650A0C53203}.Debug|Any CPU.Build.0 = Debug|Any CPU
		{D4DFD56F-D0CC-4FFE-9874-6650A0C53203}.Debug|Mixed Platforms.ActiveCfg = Debug|Any CPU
		{D4DFD56F-D0CC-4FFE-9874-6650A0C53203}.Debug|Mixed Platforms.Build.0 = Debug|Any CPU
		{D4DFD56F-D0CC-4FFE-9874-6650A0C53203}.Debug|x86.ActiveCfg = Debug|Any CPU
		{D4DFD56F-D0CC-4FFE-9874-6650A0C53203}.Release|Any CPU.ActiveCfg = Release|Any CPU
		{D4DFD56F-D0CC-4FFE-9874-6650A0C53203}.Release|Any CPU.Build.0 = Release|Any CPU
		{D4DFD56F-D0CC-4FFE-9874-6650A0C53203}.Release|Mixed Platforms.ActiveCfg = Release|Any CPU
		{D4DFD56F-D0CC-4FFE-9874-6650A0C53203}.Release|Mixed Platforms.Build.0 = Release|Any CPU
		{D4DFD56F-D0CC-4FFE-9874-6650A0C53203}.Release|x86.ActiveCfg = Release|Any CPU
	EndGlobalSection
	GlobalSection(SolutionProperties) = preSolution
		HideSolutionNode = FALSE
	EndGlobalSection
EndGlobal
